
Microsoft Visual Studio Solution File, Format Version 12.00
# Visual Studio Version 16
VisualStudioVersion = 16.0.30907.101
MinimumVisualStudioVersion = 10.0.40219.1
Project("{FAE04EC0-301F-11D3-BF4B-00C04F79EFBC}") = "assignment5", "assignment5.csproj", "{FD276837-EB72-4795-9659-FE331892C69C}"
EndProject
Global
	GlobalSection(SolutionConfigurationPlatforms) = preSolution
		Debug|Any CPU = Debug|Any CPU
		Release|Any CPU = Release|Any CPU
	EndGlobalSection
	GlobalSection(ProjectConfigurationPlatforms) = postSolution
		{FD276837-EB72-4795-9659-FE331892C69C}.Debug|Any CPU.ActiveCfg = Debug|Any CPU
		{FD276837-EB72-4795-9659-FE331892C69C}.Debug|Any CPU.Build.0 = Debug|Any CPU
		{FD276837-EB72-4795-9659-FE331892C69C}.Release|Any CPU.ActiveCfg = Release|Any CPU
		{FD276837-EB72-4795-9659-FE331892C69C}.Release|Any CPU.Build.0 = Release|Any CPU
	EndGlobalSection
	GlobalSection(SolutionProperties) = preSolution
		HideSolutionNode = FALSE
	EndGlobalSection
	GlobalSection(ExtensibilityGlobals) = postSolution
		SolutionGuid = {3C4A9C6E-EADC-44BC-AD4B-549F1FB8DB87}
	EndGlobalSection
EndGlobal
